
Microsoft Visual Studio Solution File, Format Version 11.00
# Visual Studio 2010
Project("{FAE04EC0-301F-11D3-BF4B-00C04F79EFBC}") = "Microsoft.Xna.Framework", "Microsoft.Xna.Framework.csproj", "{46FFE266-DAC6-4CBC-9DDF-1A4CC094F701}"
EndProject
Global
	GlobalSection(SolutionConfigurationPlatforms) = preSolution
		Debug_Dotnet|x86 = Debug_Dotnet|x86
		Debug|x86 = Debug|x86
		Release_Dotnet|x86 = Release_Dotnet|x86
		Release|x86 = Release|x86
		Test_Dotnet|x86 = Test_Dotnet|x86
		Test|x86 = Test|x86
	EndGlobalSection
	GlobalSection(ProjectConfigurationPlatforms) = postSolution
		{46FFE266-DAC6-4CBC-9DDF-1A4CC094F701}.Debug_Dotnet|x86.ActiveCfg = Debug_Dotnet|x86
		{46FFE266-DAC6-4CBC-9DDF-1A4CC094F701}.Debug_Dotnet|x86.Build.0 = Debug_Dotnet|x86
		{46FFE266-DAC6-4CBC-9DDF-1A4CC094F701}.Debug|x86.ActiveCfg = Debug|x86
		{46FFE266-DAC6-4CBC-9DDF-1A4CC094F701}.Debug|x86.Build.0 = Debug|x86
		{46FFE266-DAC6-4CBC-9DDF-1A4CC094F701}.Release_Dotnet|x86.ActiveCfg = Release_Dotnet|x86
		{46FFE266-DAC6-4CBC-9DDF-1A4CC094F701}.Release_Dotnet|x86.Build.0 = Release_Dotnet|x86
		{46FFE266-DAC6-4CBC-9DDF-1A4CC094F701}.Release|x86.ActiveCfg = Release|x86
		{46FFE266-DAC6-4CBC-9DDF-1A4CC094F701}.Release|x86.Build.0 = Release|x86
		{46FFE266-DAC6-4CBC-9DDF-1A4CC094F701}.Test_Dotnet|x86.ActiveCfg = Test_Dotnet|x86
		{46FFE266-DAC6-4CBC-9DDF-1A4CC094F701}.Test_Dotnet|x86.Build.0 = Test_Dotnet|x86
		{46FFE266-DAC6-4CBC-9DDF-1A4CC094F701}.Test|x86.ActiveCfg = Test|x86
		{46FFE266-DAC6-4CBC-9DDF-1A4CC094F701}.Test|x86.Build.0 = Test|x86
	EndGlobalSection
	GlobalSection(SolutionProperties) = preSolution
		HideSolutionNode = FALSE
	EndGlobalSection
EndGlobal
